{
  "name": "purescript-sha3-php",
  "lockfileVersion": 3,
  "requires": true,
  "packages": {
    "": {
      "name": "purescript-sha3-php",
      "license": "AGPL-3.0-or-later",
      "devDependencies": {
        "phpurs": "github:0x000000000000000000001/phpurs"
      }
    },
    "node_modules/phpurs": {
      "version": "0.1.0",
      "resolved": "git+ssh://git@github.com/0x000000000000000000001/phpurs.git#860d47a3cc7b67fdaecf9d3f3c30ce37f16cdb45",
      "dev": true,
      "bin": {
        "phpurs": "bin/index.js"
      }
    }
  }
}
