{
  "name": "purescm-manifests",
  "lockfileVersion": 3,
  "requires": true,
  "packages": {
    "": {
      "dependencies": {
        "purescm": "1.12.0"
      }
    },
    "node_modules/purescm": {
      "version": "1.12.0",
      "resolved": "https://registry.npmjs.org/purescm/-/purescm-1.12.0.tgz",
      "integrity": "sha512-Can/+YXXoSLVy6XMbp5zr5L8GokclYFL0TRUUx7kqgN5weyzu3Wx4jkng1EJgtc2vTBkr6u8ojp7ledW69z6PA==",
      "bin": {
        "purescm": "index.js"
      }
    }
  }
}